
Microsoft Visual Studio Solution File, Format Version 12.00
# Visual Studio Version 17
VisualStudioVersion = 17.6.33723.286
MinimumVisualStudioVersion = 10.0.40219.1
Project("{FAE04EC0-301F-11D3-BF4B-00C04F79EFBC}") = "WebApplication10", "WebApplication10\WebApplication10.csproj", "{72CF0F5D-653D-4D60-A170-5254E6C14E65}"
EndProject
Global
	GlobalSection(SolutionConfigurationPlatforms) = preSolution
		Debug|Any CPU = Debug|Any CPU
		Release|Any CPU = Release|Any CPU
	EndGlobalSection
	GlobalSection(ProjectConfigurationPlatforms) = postSolution
		{72CF0F5D-653D-4D60-A170-5254E6C14E65}.Debug|Any CPU.ActiveCfg = Debug|Any CPU
		{72CF0F5D-653D-4D60-A170-5254E6C14E65}.Debug|Any CPU.Build.0 = Debug|Any CPU
		{72CF0F5D-653D-4D60-A170-5254E6C14E65}.Release|Any CPU.ActiveCfg = Release|Any CPU
		{72CF0F5D-653D-4D60-A170-5254E6C14E65}.Release|Any CPU.Build.0 = Release|Any CPU
	EndGlobalSection
	GlobalSection(SolutionProperties) = preSolution
		HideSolutionNode = FALSE
	EndGlobalSection
	GlobalSection(ExtensibilityGlobals) = postSolution
		SolutionGuid = {187E9C8C-B803-43D9-A423-8D22D62D6AC0}
	EndGlobalSection
EndGlobal
