
Microsoft Visual Studio Solution File, Format Version 12.00
# Visual Studio Version 17
VisualStudioVersion = 17.6.33723.286
MinimumVisualStudioVersion = 10.0.40219.1
Project("{FAE04EC0-301F-11D3-BF4B-00C04F79EFBC}") = "WebApplication7", "WebApplication7\WebApplication7.csproj", "{8DAF4CA2-657D-4B7F-8B1B-DD4B6F873A36}"
EndProject
Global
	GlobalSection(SolutionConfigurationPlatforms) = preSolution
		Debug|Any CPU = Debug|Any CPU
		Release|Any CPU = Release|Any CPU
	EndGlobalSection
	GlobalSection(ProjectConfigurationPlatforms) = postSolution
		{8DAF4CA2-657D-4B7F-8B1B-DD4B6F873A36}.Debug|Any CPU.ActiveCfg = Debug|Any CPU
		{8DAF4CA2-657D-4B7F-8B1B-DD4B6F873A36}.Debug|Any CPU.Build.0 = Debug|Any CPU
		{8DAF4CA2-657D-4B7F-8B1B-DD4B6F873A36}.Release|Any CPU.ActiveCfg = Release|Any CPU
		{8DAF4CA2-657D-4B7F-8B1B-DD4B6F873A36}.Release|Any CPU.Build.0 = Release|Any CPU
	EndGlobalSection
	GlobalSection(SolutionProperties) = preSolution
		HideSolutionNode = FALSE
	EndGlobalSection
	GlobalSection(ExtensibilityGlobals) = postSolution
		SolutionGuid = {7EE6DBEE-6207-459E-90EA-BEF238B6EA38}
	EndGlobalSection
EndGlobal
