
Microsoft Visual Studio Solution File, Format Version 12.00
# Visual Studio Version 17
VisualStudioVersion = 17.6.33723.286
MinimumVisualStudioVersion = 10.0.40219.1
Project("{FAE04EC0-301F-11D3-BF4B-00C04F79EFBC}") = "WebApplication6", "WebApplication6\WebApplication6.csproj", "{A9F64974-B842-4A4B-82C8-8AE6564422C0}"
EndProject
Global
	GlobalSection(SolutionConfigurationPlatforms) = preSolution
		Debug|Any CPU = Debug|Any CPU
		Release|Any CPU = Release|Any CPU
	EndGlobalSection
	GlobalSection(ProjectConfigurationPlatforms) = postSolution
		{A9F64974-B842-4A4B-82C8-8AE6564422C0}.Debug|Any CPU.ActiveCfg = Debug|Any CPU
		{A9F64974-B842-4A4B-82C8-8AE6564422C0}.Debug|Any CPU.Build.0 = Debug|Any CPU
		{A9F64974-B842-4A4B-82C8-8AE6564422C0}.Release|Any CPU.ActiveCfg = Release|Any CPU
		{A9F64974-B842-4A4B-82C8-8AE6564422C0}.Release|Any CPU.Build.0 = Release|Any CPU
	EndGlobalSection
	GlobalSection(SolutionProperties) = preSolution
		HideSolutionNode = FALSE
	EndGlobalSection
	GlobalSection(ExtensibilityGlobals) = postSolution
		SolutionGuid = {6A960B0F-E956-40F7-852D-490E4B9B3273}
	EndGlobalSection
EndGlobal
