
Microsoft Visual Studio Solution File, Format Version 12.00
# Visual Studio Version 17
VisualStudioVersion = 17.6.33723.286
MinimumVisualStudioVersion = 10.0.40219.1
Project("{FAE04EC0-301F-11D3-BF4B-00C04F79EFBC}") = "MvcAndNortwind", "MvcAndNortwind\MvcAndNortwind.csproj", "{BD9381FE-A9F9-4468-99C4-005364FAD01C}"
EndProject
Global
	GlobalSection(SolutionConfigurationPlatforms) = preSolution
		Debug|Any CPU = Debug|Any CPU
		Release|Any CPU = Release|Any CPU
	EndGlobalSection
	GlobalSection(ProjectConfigurationPlatforms) = postSolution
		{BD9381FE-A9F9-4468-99C4-005364FAD01C}.Debug|Any CPU.ActiveCfg = Debug|Any CPU
		{BD9381FE-A9F9-4468-99C4-005364FAD01C}.Debug|Any CPU.Build.0 = Debug|Any CPU
		{BD9381FE-A9F9-4468-99C4-005364FAD01C}.Release|Any CPU.ActiveCfg = Release|Any CPU
		{BD9381FE-A9F9-4468-99C4-005364FAD01C}.Release|Any CPU.Build.0 = Release|Any CPU
	EndGlobalSection
	GlobalSection(SolutionProperties) = preSolution
		HideSolutionNode = FALSE
	EndGlobalSection
	GlobalSection(ExtensibilityGlobals) = postSolution
		SolutionGuid = {C9CB4764-8B48-49EC-B388-BCE2CD769CB1}
	EndGlobalSection
EndGlobal
