
Microsoft Visual Studio Solution File, Format Version 12.00
# Visual Studio Version 17
VisualStudioVersion = 17.6.33723.286
MinimumVisualStudioVersion = 10.0.40219.1
Project("{FAE04EC0-301F-11D3-BF4B-00C04F79EFBC}") = "İrbami", "İrbami\İrbami.csproj", "{17E35902-2994-47E6-BAB3-A93A5E42301F}"
EndProject
Global
	GlobalSection(SolutionConfigurationPlatforms) = preSolution
		Debug|Any CPU = Debug|Any CPU
		Release|Any CPU = Release|Any CPU
	EndGlobalSection
	GlobalSection(ProjectConfigurationPlatforms) = postSolution
		{17E35902-2994-47E6-BAB3-A93A5E42301F}.Debug|Any CPU.ActiveCfg = Debug|Any CPU
		{17E35902-2994-47E6-BAB3-A93A5E42301F}.Debug|Any CPU.Build.0 = Debug|Any CPU
		{17E35902-2994-47E6-BAB3-A93A5E42301F}.Release|Any CPU.ActiveCfg = Release|Any CPU
		{17E35902-2994-47E6-BAB3-A93A5E42301F}.Release|Any CPU.Build.0 = Release|Any CPU
	EndGlobalSection
	GlobalSection(SolutionProperties) = preSolution
		HideSolutionNode = FALSE
	EndGlobalSection
	GlobalSection(ExtensibilityGlobals) = postSolution
		SolutionGuid = {7ACD3919-B5C2-4EF3-9FCF-99F14DD725B0}
	EndGlobalSection
EndGlobal
